{
  "nodes": {
    "dotfiles-linux": {
      "flake": false,
      "locked": {
        "lastModified": 1746286133,
        "narHash": "sha256-KPM32N0t+ZeOL9vyDV1LqanS0KSbCfHmuhMNOH8nIOE=",
        "ref": "linux",
        "rev": "4eb59f1325c17f030b59ac282d82fb15809ac507",
        "revCount": 36,
        "type": "git",
        "url": "ssh://git@github.com/Ray7K/.dotfiles.git"
      },
      "original": {
        "ref": "linux",
        "type": "git",
        "url": "ssh://git@github.com/Ray7K/.dotfiles.git"
      }
    },
    "dotfiles-mac": {
      "flake": false,
      "locked": {
        "lastModified": 1751458626,
        "narHash": "sha256-79ZbkxwO6GBQtUQwAJOXU/XH4CJsg0kjmplBGsB0NOA=",
        "ref": "master",
        "rev": "bafc43b1816b16403641dd98a68a29e9983e9452",
        "revCount": 28,
        "type": "git",
        "url": "ssh://git@github.com/Ray7K/.dotfiles.git"
      },
      "original": {
        "ref": "master",
        "type": "git",
        "url": "ssh://git@github.com/Ray7K/.dotfiles.git"
      }
    },
    "home-manager": {
      "inputs": {
        "nixpkgs": [
          "nixpkgs"
        ]
      },
      "locked": {
        "lastModified": 1759172751,
        "narHash": "sha256-E8W8sRXfrvkFW26GuuiWq6QfReU7m5+cngwHuRo/3jc=",
        "owner": "nix-community",
        "repo": "home-manager",
        "rev": "12fa8548feefa9a10266ba65152fd1a787cdde8f",
        "type": "github"
      },
      "original": {
        "owner": "nix-community",
        "repo": "home-manager",
        "type": "github"
      }
    },
    "nix-darwin": {
      "inputs": {
        "nixpkgs": [
          "nixpkgs"
        ]
      },
      "locked": {
        "lastModified": 1758805352,
        "narHash": "sha256-BHdc43Lkayd+72W/NXRKHzX5AZ+28F3xaUs3a88/Uew=",
        "owner": "LnL7",
        "repo": "nix-darwin",
        "rev": "c48e963a5558eb1c3827d59d21c5193622a1477c",
        "type": "github"
      },
      "original": {
        "owner": "LnL7",
        "repo": "nix-darwin",
        "type": "github"
      }
    },
    "nixpkgs": {
      "locked": {
        "lastModified": 1759036355,
        "narHash": "sha256-0m27AKv6ka+q270dw48KflE0LwQYrO7Fm4/2//KCVWg=",
        "owner": "nixos",
        "repo": "nixpkgs",
        "rev": "e9f00bd893984bc8ce46c895c3bf7cac95331127",
        "type": "github"
      },
      "original": {
        "owner": "nixos",
        "ref": "nixos-unstable",
        "repo": "nixpkgs",
        "type": "github"
      }
    },
    "root": {
      "inputs": {
        "dotfiles-linux": "dotfiles-linux",
        "dotfiles-mac": "dotfiles-mac",
        "home-manager": "home-manager",
        "nix-darwin": "nix-darwin",
        "nixpkgs": "nixpkgs",
        "zen-browser": "zen-browser"
      }
    },
    "zen-browser": {
      "inputs": {
        "nixpkgs": [
          "nixpkgs"
        ]
      },
      "locked": {
        "lastModified": 1759205174,
        "narHash": "sha256-LMfGQsy3OibEqr3WtLCOqUVdOy5/6DJKWHV8h+1Vapk=",
        "owner": "youwen5",
        "repo": "zen-browser-flake",
        "rev": "afd770119e0f9fbb085665738f3fa4c28ff42f78",
        "type": "github"
      },
      "original": {
        "owner": "youwen5",
        "repo": "zen-browser-flake",
        "type": "github"
      }
    }
  },
  "root": "root",
  "version": 7
}
