{
  "nodes": {
    "dotfiles-linux": {
      "flake": false,
      "locked": {
        "lastModified": 1764147092,
        "narHash": "sha256-jE2ypfKTfFyZ0uPTJPLINUt5agQF+ig1ER8YK8Z+E2I=",
        "ref": "linux",
        "rev": "c4c1f6a48a5b4e1e5d6737592d96d152dbc0d2fc",
        "revCount": 43,
        "type": "git",
        "url": "ssh://git@github.com/Ray7K/.dotfiles.git"
      },
      "original": {
        "ref": "linux",
        "type": "git",
        "url": "ssh://git@github.com/Ray7K/.dotfiles.git"
      }
    },
    "dotfiles-mac": {
      "flake": false,
      "locked": {
        "lastModified": 1764147062,
        "narHash": "sha256-kubYs4ep9qudTKEOgHnIWKF2crVSqH8XC33TD5ZWx8U=",
        "ref": "refs/heads/master",
        "rev": "c59aec8f76e8fdb19fe2adf71e8058bcf632b51f",
        "revCount": 38,
        "type": "git",
        "url": "ssh://git@github.com/Ray7K/.dotfiles.git"
      },
      "original": {
        "type": "git",
        "url": "ssh://git@github.com/Ray7K/.dotfiles.git"
      }
    },
    "home-manager": {
      "inputs": {
        "nixpkgs": [
          "zen-browser-nixos",
          "nixpkgs"
        ]
      },
      "locked": {
        "lastModified": 1762964643,
        "narHash": "sha256-RYHN8O/Aja59XDji6WSJZPkJpYVUfpSkyH+PEupBJqM=",
        "owner": "nix-community",
        "repo": "home-manager",
        "rev": "827f2a23373a774a8805f84ca5344654c31f354b",
        "type": "github"
      },
      "original": {
        "owner": "nix-community",
        "repo": "home-manager",
        "type": "github"
      }
    },
    "home-manager-nixos": {
      "inputs": {
        "nixpkgs": [
          "nixpkgs-nixos"
        ]
      },
      "locked": {
        "lastModified": 1764135300,
        "narHash": "sha256-5xOuutXM7UPTUcn3uDAD8UlPQsXmqPrX81cXoDOAGcA=",
        "owner": "nix-community",
        "repo": "home-manager",
        "rev": "f4cb25928fafa9ae68660fe71f730fc820a59028",
        "type": "github"
      },
      "original": {
        "owner": "nix-community",
        "repo": "home-manager",
        "type": "github"
      }
    },
    "home-manager-unstable": {
      "inputs": {
        "nixpkgs": [
          "nixpkgs"
        ]
      },
      "locked": {
        "lastModified": 1764135300,
        "narHash": "sha256-5xOuutXM7UPTUcn3uDAD8UlPQsXmqPrX81cXoDOAGcA=",
        "owner": "nix-community",
        "repo": "home-manager",
        "rev": "f4cb25928fafa9ae68660fe71f730fc820a59028",
        "type": "github"
      },
      "original": {
        "owner": "nix-community",
        "repo": "home-manager",
        "type": "github"
      }
    },
    "home-manager_2": {
      "inputs": {
        "nixpkgs": [
          "zen-browser-unstable",
          "nixpkgs"
        ]
      },
      "locked": {
        "lastModified": 1762964643,
        "narHash": "sha256-RYHN8O/Aja59XDji6WSJZPkJpYVUfpSkyH+PEupBJqM=",
        "owner": "nix-community",
        "repo": "home-manager",
        "rev": "827f2a23373a774a8805f84ca5344654c31f354b",
        "type": "github"
      },
      "original": {
        "owner": "nix-community",
        "repo": "home-manager",
        "type": "github"
      }
    },
    "nix-darwin": {
      "inputs": {
        "nixpkgs": [
          "nixpkgs"
        ]
      },
      "locked": {
        "lastModified": 1763505477,
        "narHash": "sha256-nJRd4LY2kT3OELfHqdgWjvToNZ4w+zKCMzS2R6z4sXE=",
        "owner": "LnL7",
        "repo": "nix-darwin",
        "rev": "3bda9f6b14161becbd07b3c56411f1670e19b9b5",
        "type": "github"
      },
      "original": {
        "owner": "LnL7",
        "repo": "nix-darwin",
        "type": "github"
      }
    },
    "nixpkgs": {
      "locked": {
        "lastModified": 1763934636,
        "narHash": "sha256-9glbI7f1uU+yzQCq5LwLgdZqx6svOhZWkd4JRY265fc=",
        "owner": "nixos",
        "repo": "nixpkgs",
        "rev": "ee09932cedcef15aaf476f9343d1dea2cb77e261",
        "type": "github"
      },
      "original": {
        "owner": "nixos",
        "ref": "nixpkgs-unstable",
        "repo": "nixpkgs",
        "type": "github"
      }
    },
    "nixpkgs-nixos": {
      "locked": {
        "lastModified": 1763966396,
        "narHash": "sha256-6eeL1YPcY1MV3DDStIDIdy/zZCDKgHdkCmsrLJFiZf0=",
        "owner": "nixos",
        "repo": "nixpkgs",
        "rev": "5ae3b07d8d6527c42f17c876e404993199144b6a",
        "type": "github"
      },
      "original": {
        "owner": "nixos",
        "ref": "nixos-unstable",
        "repo": "nixpkgs",
        "type": "github"
      }
    },
    "nixpkgs-stable": {
      "locked": {
        "lastModified": 1735563628,
        "narHash": "sha256-OnSAY7XDSx7CtDoqNh8jwVwh4xNL/2HaJxGjryLWzX8=",
        "owner": "nixos",
        "repo": "nixpkgs",
        "rev": "b134951a4c9f3c995fd7be05f3243f8ecd65d798",
        "type": "github"
      },
      "original": {
        "owner": "nixos",
        "ref": "nixos-24.05",
        "repo": "nixpkgs",
        "type": "github"
      }
    },
    "root": {
      "inputs": {
        "dotfiles-linux": "dotfiles-linux",
        "dotfiles-mac": "dotfiles-mac",
        "home-manager-nixos": "home-manager-nixos",
        "home-manager-unstable": "home-manager-unstable",
        "nix-darwin": "nix-darwin",
        "nixpkgs": "nixpkgs",
        "nixpkgs-nixos": "nixpkgs-nixos",
        "nixpkgs-stable": "nixpkgs-stable",
        "zen-browser-nixos": "zen-browser-nixos",
        "zen-browser-unstable": "zen-browser-unstable"
      }
    },
    "zen-browser-nixos": {
      "inputs": {
        "home-manager": "home-manager",
        "nixpkgs": [
          "nixpkgs-nixos"
        ]
      },
      "locked": {
        "lastModified": 1764131244,
        "narHash": "sha256-wKOMcTc1833loy9gyLD/BEfdiy0OD4cjSvy+bTdbCCA=",
        "owner": "0xc000022070",
        "repo": "zen-browser-flake",
        "rev": "4cf4e7173b92c32afd390974e801bb6f72b1c1bb",
        "type": "github"
      },
      "original": {
        "owner": "0xc000022070",
        "repo": "zen-browser-flake",
        "type": "github"
      }
    },
    "zen-browser-unstable": {
      "inputs": {
        "home-manager": "home-manager_2",
        "nixpkgs": [
          "nixpkgs"
        ]
      },
      "locked": {
        "lastModified": 1764131244,
        "narHash": "sha256-wKOMcTc1833loy9gyLD/BEfdiy0OD4cjSvy+bTdbCCA=",
        "owner": "0xc000022070",
        "repo": "zen-browser-flake",
        "rev": "4cf4e7173b92c32afd390974e801bb6f72b1c1bb",
        "type": "github"
      },
      "original": {
        "owner": "0xc000022070",
        "repo": "zen-browser-flake",
        "type": "github"
      }
    }
  },
  "root": "root",
  "version": 7
}
